
Microsoft Visual Studio Solution File, Format Version 12.00
# Visual Studio Version 17
VisualStudioVersion = 17.5.33424.131
MinimumVisualStudioVersion = 10.0.40219.1
Project("{FAE04EC0-301F-11D3-BF4B-00C04F79EFBC}") = "RefuelApp", "RefuelApp\RefuelApp.csproj", "{7B368611-E111-4EC3-89FF-F3ABEB3E28AD}"
EndProject
Project("{FAE04EC0-301F-11D3-BF4B-00C04F79EFBC}") = "RefuelApp.Test", "RefuelApp.Test\RefuelApp.Test.csproj", "{AAD0921D-C0DA-4311-8980-9EF18FD821EE}"
EndProject
Global
	GlobalSection(SolutionConfigurationPlatforms) = preSolution
		Debug|Any CPU = Debug|Any CPU
		Release|Any CPU = Release|Any CPU
	EndGlobalSection
	GlobalSection(ProjectConfigurationPlatforms) = postSolution
		{7B368611-E111-4EC3-89FF-F3ABEB3E28AD}.Debug|Any CPU.ActiveCfg = Debug|Any CPU
		{7B368611-E111-4EC3-89FF-F3ABEB3E28AD}.Debug|Any CPU.Build.0 = Debug|Any CPU
		{7B368611-E111-4EC3-89FF-F3ABEB3E28AD}.Release|Any CPU.ActiveCfg = Release|Any CPU
		{7B368611-E111-4EC3-89FF-F3ABEB3E28AD}.Release|Any CPU.Build.0 = Release|Any CPU
		{AAD0921D-C0DA-4311-8980-9EF18FD821EE}.Debug|Any CPU.ActiveCfg = Debug|Any CPU
		{AAD0921D-C0DA-4311-8980-9EF18FD821EE}.Debug|Any CPU.Build.0 = Debug|Any CPU
		{AAD0921D-C0DA-4311-8980-9EF18FD821EE}.Release|Any CPU.ActiveCfg = Release|Any CPU
		{AAD0921D-C0DA-4311-8980-9EF18FD821EE}.Release|Any CPU.Build.0 = Release|Any CPU
	EndGlobalSection
	GlobalSection(SolutionProperties) = preSolution
		HideSolutionNode = FALSE
	EndGlobalSection
	GlobalSection(ExtensibilityGlobals) = postSolution
		SolutionGuid = {DA62F966-3D74-4CA7-BA58-D52A2D0EBE82}
	EndGlobalSection
EndGlobal
